
Microsoft Visual Studio Solution File, Format Version 12.00
# Visual Studio Version 17
VisualStudioVersion = 17.5.002.0
MinimumVisualStudioVersion = 10.0.40219.1
Project("{9A19103F-16F7-4668-BE54-9A1E7A4F7556}") = "Minerals.Editor", "Minerals.Editor.csproj", "{30AD5948-01B6-4EA3-B587-4C23F2EB615A}"
EndProject
Global
	GlobalSection(SolutionConfigurationPlatforms) = preSolution
		Debug|Any CPU = Debug|Any CPU
		Release|Any CPU = Release|Any CPU
	EndGlobalSection
	GlobalSection(ProjectConfigurationPlatforms) = postSolution
		{30AD5948-01B6-4EA3-B587-4C23F2EB615A}.Debug|Any CPU.ActiveCfg = Debug|Any CPU
		{30AD5948-01B6-4EA3-B587-4C23F2EB615A}.Debug|Any CPU.Build.0 = Debug|Any CPU
		{30AD5948-01B6-4EA3-B587-4C23F2EB615A}.Release|Any CPU.ActiveCfg = Release|Any CPU
		{30AD5948-01B6-4EA3-B587-4C23F2EB615A}.Release|Any CPU.Build.0 = Release|Any CPU
	EndGlobalSection
	GlobalSection(SolutionProperties) = preSolution
		HideSolutionNode = FALSE
	EndGlobalSection
	GlobalSection(ExtensibilityGlobals) = postSolution
		SolutionGuid = {EEFE7E44-9F57-4248-BE48-FE7015CC4586}
	EndGlobalSection
EndGlobal
